
Microsoft Visual Studio Solution File, Format Version 12.00
# Visual Studio Version 17
VisualStudioVersion = 17.0.32014.148
MinimumVisualStudioVersion = 10.0.40219.1
Project("{FAE04EC0-301F-11D3-BF4B-00C04F79EFBC}") = "PackageJsonManager", "PackageJsonManager.csproj", "{761C2D13-1B44-4208-AF27-C92EFCE55B4F}"
EndProject
Global
	GlobalSection(SolutionConfigurationPlatforms) = preSolution
		Debug|Any CPU = Debug|Any CPU
		Release|Any CPU = Release|Any CPU
	EndGlobalSection
	GlobalSection(ProjectConfigurationPlatforms) = postSolution
		{761C2D13-1B44-4208-AF27-C92EFCE55B4F}.Debug|Any CPU.ActiveCfg = Debug|Any CPU
		{761C2D13-1B44-4208-AF27-C92EFCE55B4F}.Debug|Any CPU.Build.0 = Debug|Any CPU
		{761C2D13-1B44-4208-AF27-C92EFCE55B4F}.Release|Any CPU.ActiveCfg = Release|Any CPU
		{761C2D13-1B44-4208-AF27-C92EFCE55B4F}.Release|Any CPU.Build.0 = Release|Any CPU
	EndGlobalSection
	GlobalSection(SolutionProperties) = preSolution
		HideSolutionNode = FALSE
	EndGlobalSection
	GlobalSection(ExtensibilityGlobals) = postSolution
		SolutionGuid = {6E0EA0AF-C820-48A1-8D39-858CFE6C2804}
	EndGlobalSection
EndGlobal
